Microsoft Visual Studio Solution File, Format Version 12.00
# Visual Studio 2012
Project("{FAE04EC0-301F-11D3-BF4B-00C04F79EFBC}") = "TabletopSimulator2D", "TabletopSimulator2D.csproj", "{41FDDDB0-5631-4DAD-9527-CB490951A074}"
EndProject
Global
	GlobalSection(SolutionConfigurationPlatforms) = preSolution
	Debug|Any CPU = Debug|Any CPU
	ExportDebug|Any CPU = ExportDebug|Any CPU
	ExportRelease|Any CPU = ExportRelease|Any CPU
	EndGlobalSection
	GlobalSection(ProjectConfigurationPlatforms) = postSolution
		{41FDDDB0-5631-4DAD-9527-CB490951A074}.Debug|Any CPU.ActiveCfg = Debug|Any CPU
		{41FDDDB0-5631-4DAD-9527-CB490951A074}.Debug|Any CPU.Build.0 = Debug|Any CPU
		{41FDDDB0-5631-4DAD-9527-CB490951A074}.ExportDebug|Any CPU.ActiveCfg = ExportDebug|Any CPU
		{41FDDDB0-5631-4DAD-9527-CB490951A074}.ExportDebug|Any CPU.Build.0 = ExportDebug|Any CPU
		{41FDDDB0-5631-4DAD-9527-CB490951A074}.ExportRelease|Any CPU.ActiveCfg = ExportRelease|Any CPU
		{41FDDDB0-5631-4DAD-9527-CB490951A074}.ExportRelease|Any CPU.Build.0 = ExportRelease|Any CPU
	EndGlobalSection
EndGlobal
